
Microsoft Visual Studio Solution File, Format Version 12.00
# Visual Studio Version 17
VisualStudioVersion = 17.8.34316.72
MinimumVisualStudioVersion = 10.0.40219.1
Project("{FAE04EC0-301F-11D3-BF4B-00C04F79EFBC}") = "MetaCommandBlocker", "MetaCommandBlocker.csproj", "{1C2DC9E6-9C21-49F5-BDB8-9336F6DAE5B5}"
EndProject
Global
	GlobalSection(SolutionConfigurationPlatforms) = preSolution
		Debug|Any CPU = Debug|Any CPU
		Release|Any CPU = Release|Any CPU
	EndGlobalSection
	GlobalSection(ProjectConfigurationPlatforms) = postSolution
		{1C2DC9E6-9C21-49F5-BDB8-9336F6DAE5B5}.Debug|Any CPU.ActiveCfg = Debug|Any CPU
		{1C2DC9E6-9C21-49F5-BDB8-9336F6DAE5B5}.Debug|Any CPU.Build.0 = Debug|Any CPU
		{1C2DC9E6-9C21-49F5-BDB8-9336F6DAE5B5}.Release|Any CPU.ActiveCfg = Release|Any CPU
		{1C2DC9E6-9C21-49F5-BDB8-9336F6DAE5B5}.Release|Any CPU.Build.0 = Release|Any CPU
	EndGlobalSection
	GlobalSection(SolutionProperties) = preSolution
		HideSolutionNode = FALSE
	EndGlobalSection
	GlobalSection(ExtensibilityGlobals) = postSolution
		SolutionGuid = {6D3AF387-4AD1-41FD-9EDC-3630B474AB2B}
	EndGlobalSection
EndGlobal
